{
  "name": "@goodandready/dsh-moa",
  "version": "0.2.33",
  "lockfileVersion": 3,
  "requires": true,
  "packages": {
    "": {
      "name": "@goodandready/dsh-moa",
      "version": "0.2.33",
      "license": "MIT",
      "peerDependencies": {
        "@deepseek-ai/cordis": "^4.0.1",
        "@deepseek-ai/dsh-credentials": "^0.1.7-rc.2 || ^0.2.0-rc.1",
        "@deepseek-ai/dsh-host-webserver": "^0.1.7-rc.2 || ^0.2.0-rc.1",
        "@deepseek-ai/dsh-settings": "^0.1.7-rc.2 || ^0.2.0-rc.1",
        "@deepseek-ai/dsh-tools": "^0.1.7-rc.2 || ^0.2.0-rc.1",
        "@deepseek-ai/schemastery": "^3.18.1"
      },
      "peerDependenciesMeta": {
        "@deepseek-ai/dsh-settings": {
          "optional": true
        }
      }
    }
  }
}
